
Microsoft Visual Studio Solution File, Format Version 12.00
# Visual Studio Version 16
VisualStudioVersion = 16.0.30204.135
MinimumVisualStudioVersion = 10.0.40219.1
Project("{8BC9CEB8-8B4A-11D0-8D11-00A0C91BC942}") = "BTree", "BTree\Indexer.vcxproj", "{02CE42E4-C200-4BA9-8F04-FB2DCB6AB255}"
EndProject
Project("{8BC9CEB8-8B4A-11D0-8D11-00A0C91BC942}") = "BTreeTests", "BTreeTests\BTreeTests.vcxproj", "{ED567C2B-E79D-4401-9A28-E82127504C2D}"
EndProject
Global
	GlobalSection(SolutionConfigurationPlatforms) = preSolution
		Debug|x64 = Debug|x64
		Debug|x86 = Debug|x86
		Release|x64 = Release|x64
		Release|x86 = Release|x86
	EndGlobalSection
	GlobalSection(ProjectConfigurationPlatforms) = postSolution
		{02CE42E4-C200-4BA9-8F04-FB2DCB6AB255}.Debug|x64.ActiveCfg = Debug|x64
		{02CE42E4-C200-4BA9-8F04-FB2DCB6AB255}.Debug|x64.Build.0 = Debug|x64
		{02CE42E4-C200-4BA9-8F04-FB2DCB6AB255}.Debug|x86.ActiveCfg = Debug|Win32
		{02CE42E4-C200-4BA9-8F04-FB2DCB6AB255}.Debug|x86.Build.0 = Debug|Win32
		{02CE42E4-C200-4BA9-8F04-FB2DCB6AB255}.Release|x64.ActiveCfg = Release|x64
		{02CE42E4-C200-4BA9-8F04-FB2DCB6AB255}.Release|x64.Build.0 = Release|x64
		{02CE42E4-C200-4BA9-8F04-FB2DCB6AB255}.Release|x86.ActiveCfg = Release|Win32
		{02CE42E4-C200-4BA9-8F04-FB2DCB6AB255}.Release|x86.Build.0 = Release|Win32
		{ED567C2B-E79D-4401-9A28-E82127504C2D}.Debug|x64.ActiveCfg = Debug|x64
		{ED567C2B-E79D-4401-9A28-E82127504C2D}.Debug|x64.Build.0 = Debug|x64
		{ED567C2B-E79D-4401-9A28-E82127504C2D}.Debug|x86.ActiveCfg = Debug|Win32
		{ED567C2B-E79D-4401-9A28-E82127504C2D}.Debug|x86.Build.0 = Debug|Win32
		{ED567C2B-E79D-4401-9A28-E82127504C2D}.Release|x64.ActiveCfg = Release|x64
		{ED567C2B-E79D-4401-9A28-E82127504C2D}.Release|x64.Build.0 = Release|x64
		{ED567C2B-E79D-4401-9A28-E82127504C2D}.Release|x86.ActiveCfg = Release|Win32
		{ED567C2B-E79D-4401-9A28-E82127504C2D}.Release|x86.Build.0 = Release|Win32
	EndGlobalSection
	GlobalSection(SolutionProperties) = preSolution
		HideSolutionNode = FALSE
	EndGlobalSection
	GlobalSection(ExtensibilityGlobals) = postSolution
		SolutionGuid = {A3BA6BEA-1D5F-47EF-987A-C16BB28DA2E3}
	EndGlobalSection
EndGlobal
